
Microsoft Visual Studio Solution File, Format Version 12.00
# Visual Studio Version 16
VisualStudioVersion = 16.0.31829.152
MinimumVisualStudioVersion = 10.0.40219.1
Project("{FAE04EC0-301F-11D3-BF4B-00C04F79EFBC}") = "21Tsk", "21Tsk\21Tsk.csproj", "{EA1FCD0A-4964-4C18-A628-7507532991C6}"
EndProject
Global
	GlobalSection(SolutionConfigurationPlatforms) = preSolution
		Debug|Any CPU = Debug|Any CPU
		Release|Any CPU = Release|Any CPU
	EndGlobalSection
	GlobalSection(ProjectConfigurationPlatforms) = postSolution
		{EA1FCD0A-4964-4C18-A628-7507532991C6}.Debug|Any CPU.ActiveCfg = Debug|Any CPU
		{EA1FCD0A-4964-4C18-A628-7507532991C6}.Debug|Any CPU.Build.0 = Debug|Any CPU
		{EA1FCD0A-4964-4C18-A628-7507532991C6}.Release|Any CPU.ActiveCfg = Release|Any CPU
		{EA1FCD0A-4964-4C18-A628-7507532991C6}.Release|Any CPU.Build.0 = Release|Any CPU
	EndGlobalSection
	GlobalSection(SolutionProperties) = preSolution
		HideSolutionNode = FALSE
	EndGlobalSection
	GlobalSection(ExtensibilityGlobals) = postSolution
		SolutionGuid = {607931F2-3637-42E8-B205-828EE4D5AE4F}
	EndGlobalSection
EndGlobal
